// !$*UTF8*$!
{
	archiveVersion = 1;
	classes = {
	};
	objectVersion = 77;
	objects = {

/* Begin PBXBuildFile section */
		0206ACCC748F3AC269561DEE /* SidebarView.swift in Sources */ = {isa = PBXBuildFile; fileRef = EEE5C81111DFF879D58805C8 /* SidebarView.swift */; };
		13836A8383F8D63C9820E139 /* RoonStatusService.swift in Sources */ = {isa = PBXBuildFile; fileRef = A3B42F23C3EEDF994180B2C8 /* RoonStatusService.swift */; };
		2D6F1D2BB3A87F8C94B0CF53 /* RoonTransportService.swift in Sources */ = {isa = PBXBuildFile; fileRef = 723F143D953CB6B15EF90372 /* RoonTransportService.swift */; };
		2DE2B462A57FF4EF158CA59C /* RoonImageService.swift in Sources */ = {isa = PBXBuildFile; fileRef = 9D0472C6296AD7408B6343BC /* RoonImageService.swift */; };
		31D8FDDCB97A9EC2F22CCDF4 /* RoonModels.swift in Sources */ = {isa = PBXBuildFile; fileRef = 6F75FB3DE82DDCA6F017225C /* RoonModels.swift */; };
		499F184FF6A98B535C8A0773 /* RoonColors.swift in Sources */ = {isa = PBXBuildFile; fileRef = 89C612F323088B23891CBC08 /* RoonColors.swift */; };
		519F92A185C861D59BAA94A4 /* PlayerView.swift in Sources */ = {isa = PBXBuildFile; fileRef = 6208159EBB6F3E199BC08686 /* PlayerView.swift */; };
		529A895FA3C4E32038B5FF81 /* RoonService.swift in Sources */ = {isa = PBXBuildFile; fileRef = A5C52F8ADAC395F6CAABFC56 /* RoonService.swift */; };
		54911BE3A34F964675E4707E /* QueueView.swift in Sources */ = {isa = PBXBuildFile; fileRef = 4926CDAEA0DDFB262E6BE81A /* QueueView.swift */; };
		6D266F7B099DE5C6965D385F /* RoonRegistration.swift in Sources */ = {isa = PBXBuildFile; fileRef = BBB7AF253E773CF41F680C9B /* RoonRegistration.swift */; };
		83D2098070D56815105DD58C /* Assets.xcassets in Resources */ = {isa = PBXBuildFile; fileRef = 1B2F25475F39979BA3F2E470 /* Assets.xcassets */; };
		A1CC3BB098C5D1127AA08BB2 /* HistoryView.swift in Sources */ = {isa = PBXBuildFile; fileRef = 4154732D9AD241A718F6DFE0 /* HistoryView.swift */; };
		A274251364A81D4729548FC9 /* RoonConnection.swift in Sources */ = {isa = PBXBuildFile; fileRef = 66AFF8AEECA51078FB7A69F5 /* RoonConnection.swift */; };
		A7599F91BDAC7698040C43B3 /* MOOMessage.swift in Sources */ = {isa = PBXBuildFile; fileRef = 6418DBE0BE5F34DA15279274 /* MOOMessage.swift */; };
		A8A4A4D0C7408CC33789698E /* SOODDiscovery.swift in Sources */ = {isa = PBXBuildFile; fileRef = ACA398B7B0641731B7566DAC /* SOODDiscovery.swift */; };
		A8A720BA6B2B39B2BE4319B2 /* RoonModelsTests.swift in Sources */ = {isa = PBXBuildFile; fileRef = 502C0AF9FE6B1E36CBBB5699 /* RoonModelsTests.swift */; };
		AA9AD2B4FA8BAB22B099E117 /* RoonImageProvider.swift in Sources */ = {isa = PBXBuildFile; fileRef = 9CADCC8E2D3C2CC720381FF5 /* RoonImageProvider.swift */; };
		AB193BDF53C3C067242F4E81 /* LocalImageServer.swift in Sources */ = {isa = PBXBuildFile; fileRef = 5068474C18A874A2DD981604 /* LocalImageServer.swift */; };
		AFE37D0C73FD49F800B1BA35 /* default.profraw in Resources */ = {isa = PBXBuildFile; fileRef = 0DCD77DD76B502A0A3EEB770 /* default.profraw */; };
		BA76D9EE334357CA73C2ED75 /* ConnectionView.swift in Sources */ = {isa = PBXBuildFile; fileRef = 961DF94025297E364472E8E9 /* ConnectionView.swift */; };
		C959637010EB96B877AB45F6 /* SettingsView.swift in Sources */ = {isa = PBXBuildFile; fileRef = 4FCEE5B31B68C21920E308DD /* SettingsView.swift */; };
		D163747CACBB2E3A080A0765 /* ContentView.swift in Sources */ = {isa = PBXBuildFile; fileRef = 13E5A3B5B194123E7D9AE567 /* ContentView.swift */; };
		D851EB9F920C997716B794FF /* MOOTransport.swift in Sources */ = {isa = PBXBuildFile; fileRef = 307EC654890895E8FF7EC837 /* MOOTransport.swift */; };
		DA3008D61AB3C948441093AE /* RoonServiceTests.swift in Sources */ = {isa = PBXBuildFile; fileRef = ED2B62A70A4641D8240F8444 /* RoonServiceTests.swift */; };
		E3D11AF841A9512B0BBD7998 /* RoonControllerApp.swift in Sources */ = {isa = PBXBuildFile; fileRef = 518520D9EE07BDDE1F23879A /* RoonControllerApp.swift */; };
		F75452E0D6647FB2EF7B0ED1 /* RoonBrowseService.swift in Sources */ = {isa = PBXBuildFile; fileRef = A217A313513ACF87512AA66A /* RoonBrowseService.swift */; };
		FCCC73617CB748309BD3C119 /* RoonImageCache.swift in Sources */ = {isa = PBXBuildFile; fileRef = AEBEFAB1D0DFC3EB7B52A76C /* RoonImageCache.swift */; };
/* End PBXBuildFile section */

/* Begin PBXContainerItemProxy section */
		A6C21A757651253525CCFCD5 /* PBXContainerItemProxy */ = {
			isa = PBXContainerItemProxy;
			containerPortal = 7F5DC9B3E228D366E4AC3AE5 /* Project object */;
			proxyType = 1;
			remoteGlobalIDString = 4280D56A3A8630738591AB8A;
			remoteInfo = RoonController;
		};
/* End PBXContainerItemProxy section */

/* Begin PBXFileReference section */
		0BFD1EE34B068DB0496A9F51 /* RoonControllerTests.xctest */ = {isa = PBXFileReference; explicitFileType = wrapper.cfbundle; includeInIndex = 0; path = RoonControllerTests.xctest; sourceTree = BUILT_PRODUCTS_DIR; };
		0DCD77DD76B502A0A3EEB770 /* default.profraw */ = {isa = PBXFileReference; path = default.profraw; sourceTree = "<group>"; };
		13E5A3B5B194123E7D9AE567 /* ContentView.swift */ = {isa = PBXFileReference; lastKnownFileType = sourcecode.swift; path = ContentView.swift; sourceTree = "<group>"; };
		1B2F25475F39979BA3F2E470 /* Assets.xcassets */ = {isa = PBXFileReference; lastKnownFileType = folder.assetcatalog; path = Assets.xcassets; sourceTree = "<group>"; };
		307EC654890895E8FF7EC837 /* MOOTransport.swift */ = {isa = PBXFileReference; lastKnownFileType = sourcecode.swift; path = MOOTransport.swift; sourceTree = "<group>"; };
		4154732D9AD241A718F6DFE0 /* HistoryView.swift */ = {isa = PBXFileReference; lastKnownFileType = sourcecode.swift; path = HistoryView.swift; sourceTree = "<group>"; };
		47815C3C2FB6ED9B1402F795 /* RoonController.app */ = {isa = PBXFileReference; explicitFileType = wrapper.application; includeInIndex = 0; path = RoonController.app; sourceTree = BUILT_PRODUCTS_DIR; };
		4926CDAEA0DDFB262E6BE81A /* QueueView.swift */ = {isa = PBXFileReference; lastKnownFileType = sourcecode.swift; path = QueueView.swift; sourceTree = "<group>"; };
		4FCEE5B31B68C21920E308DD /* SettingsView.swift */ = {isa = PBXFileReference; lastKnownFileType = sourcecode.swift; path = SettingsView.swift; sourceTree = "<group>"; };
		502C0AF9FE6B1E36CBBB5699 /* RoonModelsTests.swift */ = {isa = PBXFileReference; lastKnownFileType = sourcecode.swift; path = RoonModelsTests.swift; sourceTree = "<group>"; };
		5068474C18A874A2DD981604 /* LocalImageServer.swift */ = {isa = PBXFileReference; lastKnownFileType = sourcecode.swift; path = LocalImageServer.swift; sourceTree = "<group>"; };
		518520D9EE07BDDE1F23879A /* RoonControllerApp.swift */ = {isa = PBXFileReference; lastKnownFileType = sourcecode.swift; path = RoonControllerApp.swift; sourceTree = "<group>"; };
		6208159EBB6F3E199BC08686 /* PlayerView.swift */ = {isa = PBXFileReference; lastKnownFileType = sourcecode.swift; path = PlayerView.swift; sourceTree = "<group>"; };
		6418DBE0BE5F34DA15279274 /* MOOMessage.swift */ = {isa = PBXFileReference; lastKnownFileType = sourcecode.swift; path = MOOMessage.swift; sourceTree = "<group>"; };
		66AFF8AEECA51078FB7A69F5 /* RoonConnection.swift */ = {isa = PBXFileReference; lastKnownFileType = sourcecode.swift; path = RoonConnection.swift; sourceTree = "<group>"; };
		6F75FB3DE82DDCA6F017225C /* RoonModels.swift */ = {isa = PBXFileReference; lastKnownFileType = sourcecode.swift; path = RoonModels.swift; sourceTree = "<group>"; };
		723F143D953CB6B15EF90372 /* RoonTransportService.swift */ = {isa = PBXFileReference; lastKnownFileType = sourcecode.swift; path = RoonTransportService.swift; sourceTree = "<group>"; };
		89C612F323088B23891CBC08 /* RoonColors.swift */ = {isa = PBXFileReference; lastKnownFileType = sourcecode.swift; path = RoonColors.swift; sourceTree = "<group>"; };
		92A3271B5BF5E27D48F206C8 /* RoonController.entitlements */ = {isa = PBXFileReference; lastKnownFileType = text.plist.entitlements; path = RoonController.entitlements; sourceTree = "<group>"; };
		961DF94025297E364472E8E9 /* ConnectionView.swift */ = {isa = PBXFileReference; lastKnownFileType = sourcecode.swift; path = ConnectionView.swift; sourceTree = "<group>"; };
		9CADCC8E2D3C2CC720381FF5 /* RoonImageProvider.swift */ = {isa = PBXFileReference; lastKnownFileType = sourcecode.swift; path = RoonImageProvider.swift; sourceTree = "<group>"; };
		9D0472C6296AD7408B6343BC /* RoonImageService.swift */ = {isa = PBXFileReference; lastKnownFileType = sourcecode.swift; path = RoonImageService.swift; sourceTree = "<group>"; };
		A217A313513ACF87512AA66A /* RoonBrowseService.swift */ = {isa = PBXFileReference; lastKnownFileType = sourcecode.swift; path = RoonBrowseService.swift; sourceTree = "<group>"; };
		A3B42F23C3EEDF994180B2C8 /* RoonStatusService.swift */ = {isa = PBXFileReference; lastKnownFileType = sourcecode.swift; path = RoonStatusService.swift; sourceTree = "<group>"; };
		A5C52F8ADAC395F6CAABFC56 /* RoonService.swift */ = {isa = PBXFileReference; lastKnownFileType = sourcecode.swift; path = RoonService.swift; sourceTree = "<group>"; };
		ACA398B7B0641731B7566DAC /* SOODDiscovery.swift */ = {isa = PBXFileReference; lastKnownFileType = sourcecode.swift; path = SOODDiscovery.swift; sourceTree = "<group>"; };
		AEBEFAB1D0DFC3EB7B52A76C /* RoonImageCache.swift */ = {isa = PBXFileReference; lastKnownFileType = sourcecode.swift; path = RoonImageCache.swift; sourceTree = "<group>"; };
		BBB7AF253E773CF41F680C9B /* RoonRegistration.swift */ = {isa = PBXFileReference; lastKnownFileType = sourcecode.swift; path = RoonRegistration.swift; sourceTree = "<group>"; };
		ED2B62A70A4641D8240F8444 /* RoonServiceTests.swift */ = {isa = PBXFileReference; lastKnownFileType = sourcecode.swift; path = RoonServiceTests.swift; sourceTree = "<group>"; };
		EEE5C81111DFF879D58805C8 /* SidebarView.swift */ = {isa = PBXFileReference; lastKnownFileType = sourcecode.swift; path = SidebarView.swift; sourceTree = "<group>"; };
/* End PBXFileReference section */

/* Begin PBXGroup section */
		0D878111769E34072232B468 /* Tests */ = {
			isa = PBXGroup;
			children = (
				502C0AF9FE6B1E36CBBB5699 /* RoonModelsTests.swift */,
				ED2B62A70A4641D8240F8444 /* RoonServiceTests.swift */,
			);
			path = Tests;
			sourceTree = "<group>";
		};
		4F8E7AF54E07D28960063306 /* Core */ = {
			isa = PBXGroup;
			children = (
				66AFF8AEECA51078FB7A69F5 /* RoonConnection.swift */,
				BBB7AF253E773CF41F680C9B /* RoonRegistration.swift */,
			);
			path = Core;
			sourceTree = "<group>";
		};
		57CF163E76FF13B0523B2653 /* Helpers */ = {
			isa = PBXGroup;
			children = (
				89C612F323088B23891CBC08 /* RoonColors.swift */,
			);
			path = Helpers;
			sourceTree = "<group>";
		};
		5BFD6DA1FCF413299E25BF32 /* Views */ = {
			isa = PBXGroup;
			children = (
				961DF94025297E364472E8E9 /* ConnectionView.swift */,
				13E5A3B5B194123E7D9AE567 /* ContentView.swift */,
				4154732D9AD241A718F6DFE0 /* HistoryView.swift */,
				6208159EBB6F3E199BC08686 /* PlayerView.swift */,
				4926CDAEA0DDFB262E6BE81A /* QueueView.swift */,
				4FCEE5B31B68C21920E308DD /* SettingsView.swift */,
				EEE5C81111DFF879D58805C8 /* SidebarView.swift */,
				57CF163E76FF13B0523B2653 /* Helpers */,
			);
			path = Views;
			sourceTree = "<group>";
		};
		5CD54845E7E35CE717F3994E /* Services */ = {
			isa = PBXGroup;
			children = (
				A5C52F8ADAC395F6CAABFC56 /* RoonService.swift */,
				BAA42F1B92C46E0DC726CF80 /* Roon */,
			);
			path = Services;
			sourceTree = "<group>";
		};
		6A96050681478CF9C7615F52 /* Image */ = {
			isa = PBXGroup;
			children = (
				5068474C18A874A2DD981604 /* LocalImageServer.swift */,
				AEBEFAB1D0DFC3EB7B52A76C /* RoonImageCache.swift */,
				9CADCC8E2D3C2CC720381FF5 /* RoonImageProvider.swift */,
			);
			path = Image;
			sourceTree = "<group>";
		};
		AB477E722A7BBD917D443194 /* Protocol */ = {
			isa = PBXGroup;
			children = (
				6418DBE0BE5F34DA15279274 /* MOOMessage.swift */,
				307EC654890895E8FF7EC837 /* MOOTransport.swift */,
				ACA398B7B0641731B7566DAC /* SOODDiscovery.swift */,
			);
			path = Protocol;
			sourceTree = "<group>";
		};
		BAA42F1B92C46E0DC726CF80 /* Roon */ = {
			isa = PBXGroup;
			children = (
				4F8E7AF54E07D28960063306 /* Core */,
				6A96050681478CF9C7615F52 /* Image */,
				AB477E722A7BBD917D443194 /* Protocol */,
				D0DC84B00828A4BE290D055E /* Services */,
			);
			path = Roon;
			sourceTree = "<group>";
		};
		C386E6C9C18E39CC8E474385 /* Models */ = {
			isa = PBXGroup;
			children = (
				6F75FB3DE82DDCA6F017225C /* RoonModels.swift */,
			);
			path = Models;
			sourceTree = "<group>";
		};
		CAB6FEEBE53B9F2C8A3D473A /* RoonController */ = {
			isa = PBXGroup;
			children = (
				1B2F25475F39979BA3F2E470 /* Assets.xcassets */,
				0DCD77DD76B502A0A3EEB770 /* default.profraw */,
				92A3271B5BF5E27D48F206C8 /* RoonController.entitlements */,
				518520D9EE07BDDE1F23879A /* RoonControllerApp.swift */,
				C386E6C9C18E39CC8E474385 /* Models */,
				5CD54845E7E35CE717F3994E /* Services */,
				5BFD6DA1FCF413299E25BF32 /* Views */,
			);
			name = RoonController;
			path = .;
			sourceTree = "<group>";
		};
		D0DC84B00828A4BE290D055E /* Services */ = {
			isa = PBXGroup;
			children = (
				A217A313513ACF87512AA66A /* RoonBrowseService.swift */,
				9D0472C6296AD7408B6343BC /* RoonImageService.swift */,
				A3B42F23C3EEDF994180B2C8 /* RoonStatusService.swift */,
				723F143D953CB6B15EF90372 /* RoonTransportService.swift */,
			);
			path = Services;
			sourceTree = "<group>";
		};
		D1876C3791EAAF794DAB00BA = {
			isa = PBXGroup;
			children = (
				C386E6C9C18E39CC8E474385 /* Models */,
				CAB6FEEBE53B9F2C8A3D473A /* RoonController */,
				5CD54845E7E35CE717F3994E /* Services */,
				0D878111769E34072232B468 /* Tests */,
				5BFD6DA1FCF413299E25BF32 /* Views */,
				F52F554ADB65682218CA9C0B /* Products */,
			);
			sourceTree = "<group>";
		};
		F52F554ADB65682218CA9C0B /* Products */ = {
			isa = PBXGroup;
			children = (
				47815C3C2FB6ED9B1402F795 /* RoonController.app */,
				0BFD1EE34B068DB0496A9F51 /* RoonControllerTests.xctest */,
			);
			name = Products;
			sourceTree = "<group>";
		};
/* End PBXGroup section */

/* Begin PBXNativeTarget section */
		4280D56A3A8630738591AB8A /* RoonController */ = {
			isa = PBXNativeTarget;
			buildConfigurationList = D613682A45753184DE6064BD /* Build configuration list for PBXNativeTarget "RoonController" */;
			buildPhases = (
				73FFFAC1CDB3AFDDB00191E0 /* Sources */,
				E9D5C54BE7836449EDB2DC20 /* Resources */,
			);
			buildRules = (
			);
			dependencies = (
			);
			name = RoonController;
			packageProductDependencies = (
			);
			productName = RoonController;
			productReference = 47815C3C2FB6ED9B1402F795 /* RoonController.app */;
			productType = "com.apple.product-type.application";
		};
		689C756E6C10A74AEEB16626 /* RoonControllerTests */ = {
			isa = PBXNativeTarget;
			buildConfigurationList = 7A2F39862CD3E88339DDD858 /* Build configuration list for PBXNativeTarget "RoonControllerTests" */;
			buildPhases = (
				7264D141F37DD4BE0B7D75D3 /* Sources */,
			);
			buildRules = (
			);
			dependencies = (
				2C69167A6EAC4A7DE566179F /* PBXTargetDependency */,
			);
			name = RoonControllerTests;
			packageProductDependencies = (
			);
			productName = RoonControllerTests;
			productReference = 0BFD1EE34B068DB0496A9F51 /* RoonControllerTests.xctest */;
			productType = "com.apple.product-type.bundle.unit-test";
		};
/* End PBXNativeTarget section */

/* Begin PBXProject section */
		7F5DC9B3E228D366E4AC3AE5 /* Project object */ = {
			isa = PBXProject;
			attributes = {
				BuildIndependentTargetsInParallel = YES;
				LastUpgradeCheck = 1600;
				TargetAttributes = {
					4280D56A3A8630738591AB8A = {
						ProvisioningStyle = Automatic;
					};
				};
			};
			buildConfigurationList = DB7358A357C874A8117A975A /* Build configuration list for PBXProject "RoonController" */;
			compatibilityVersion = "Xcode 14.0";
			developmentRegion = en;
			hasScannedForEncodings = 0;
			knownRegions = (
				Base,
				en,
			);
			mainGroup = D1876C3791EAAF794DAB00BA;
			minimizedProjectReferenceProxies = 1;
			preferredProjectObjectVersion = 77;
			projectDirPath = "";
			projectRoot = "";
			targets = (
				4280D56A3A8630738591AB8A /* RoonController */,
				689C756E6C10A74AEEB16626 /* RoonControllerTests */,
			);
		};
/* End PBXProject section */

/* Begin PBXResourcesBuildPhase section */
		E9D5C54BE7836449EDB2DC20 /* Resources */ = {
			isa = PBXResourcesBuildPhase;
			buildActionMask = 2147483647;
			files = (
				83D2098070D56815105DD58C /* Assets.xcassets in Resources */,
				AFE37D0C73FD49F800B1BA35 /* default.profraw in Resources */,
			);
			runOnlyForDeploymentPostprocessing = 0;
		};
/* End PBXResourcesBuildPhase section */

/* Begin PBXSourcesBuildPhase section */
		7264D141F37DD4BE0B7D75D3 /* Sources */ = {
			isa = PBXSourcesBuildPhase;
			buildActionMask = 2147483647;
			files = (
				A8A720BA6B2B39B2BE4319B2 /* RoonModelsTests.swift in Sources */,
				DA3008D61AB3C948441093AE /* RoonServiceTests.swift in Sources */,
			);
			runOnlyForDeploymentPostprocessing = 0;
		};
		73FFFAC1CDB3AFDDB00191E0 /* Sources */ = {
			isa = PBXSourcesBuildPhase;
			buildActionMask = 2147483647;
			files = (
				BA76D9EE334357CA73C2ED75 /* ConnectionView.swift in Sources */,
				D163747CACBB2E3A080A0765 /* ContentView.swift in Sources */,
				A1CC3BB098C5D1127AA08BB2 /* HistoryView.swift in Sources */,
				AB193BDF53C3C067242F4E81 /* LocalImageServer.swift in Sources */,
				A7599F91BDAC7698040C43B3 /* MOOMessage.swift in Sources */,
				D851EB9F920C997716B794FF /* MOOTransport.swift in Sources */,
				519F92A185C861D59BAA94A4 /* PlayerView.swift in Sources */,
				54911BE3A34F964675E4707E /* QueueView.swift in Sources */,
				F75452E0D6647FB2EF7B0ED1 /* RoonBrowseService.swift in Sources */,
				499F184FF6A98B535C8A0773 /* RoonColors.swift in Sources */,
				A274251364A81D4729548FC9 /* RoonConnection.swift in Sources */,
				E3D11AF841A9512B0BBD7998 /* RoonControllerApp.swift in Sources */,
				FCCC73617CB748309BD3C119 /* RoonImageCache.swift in Sources */,
				AA9AD2B4FA8BAB22B099E117 /* RoonImageProvider.swift in Sources */,
				2DE2B462A57FF4EF158CA59C /* RoonImageService.swift in Sources */,
				31D8FDDCB97A9EC2F22CCDF4 /* RoonModels.swift in Sources */,
				6D266F7B099DE5C6965D385F /* RoonRegistration.swift in Sources */,
				529A895FA3C4E32038B5FF81 /* RoonService.swift in Sources */,
				13836A8383F8D63C9820E139 /* RoonStatusService.swift in Sources */,
				2D6F1D2BB3A87F8C94B0CF53 /* RoonTransportService.swift in Sources */,
				A8A4A4D0C7408CC33789698E /* SOODDiscovery.swift in Sources */,
				C959637010EB96B877AB45F6 /* SettingsView.swift in Sources */,
				0206ACCC748F3AC269561DEE /* SidebarView.swift in Sources */,
			);
			runOnlyForDeploymentPostprocessing = 0;
		};
/* End PBXSourcesBuildPhase section */

/* Begin PBXTargetDependency section */
		2C69167A6EAC4A7DE566179F /* PBXTargetDependency */ = {
			isa = PBXTargetDependency;
			target = 4280D56A3A8630738591AB8A /* RoonController */;
			targetProxy = A6C21A757651253525CCFCD5 /* PBXContainerItemProxy */;
		};
/* End PBXTargetDependency section */

/* Begin XCBuildConfiguration section */
		1E934D34FBE1285A040BD842 /* Release */ = {
			isa = XCBuildConfiguration;
			buildSettings = {
				ASSETCATALOG_COMPILER_APPICON_NAME = AppIcon;
				CODE_SIGN_ENTITLEMENTS = RoonController.entitlements;
				CODE_SIGN_STYLE = Automatic;
				COMBINE_HIDPI_IMAGES = YES;
				CURRENT_PROJECT_VERSION = 1;
				GENERATE_INFOPLIST_FILE = YES;
				INFOPLIST_GENERATION_LIBRARY = YES;
				LD_RUNPATH_SEARCH_PATHS = (
					"$(inherited)",
					"@executable_path/../Frameworks",
				);
				MACOSX_DEPLOYMENT_TARGET = 15.0;
				MARKETING_VERSION = 1.0.0;
				PRODUCT_BUNDLE_IDENTIFIER = com.bertrand.RoonController;
				PRODUCT_NAME = "Roon Controller";
				SDKROOT = macosx;
				SWIFT_VERSION = 6.0;
			};
			name = Release;
		};
		339E26F2CACF502CE0E1E822 /* Debug */ = {
			isa = XCBuildConfiguration;
			buildSettings = {
				ALWAYS_SEARCH_USER_PATHS = NO;
				CLANG_ANALYZER_NONNULL = YES;
				CLANG_ANALYZER_NUMBER_OBJECT_CONVERSION = YES_AGGRESSIVE;
				CLANG_CXX_LANGUAGE_STANDARD = "gnu++14";
				CLANG_CXX_LIBRARY = "libc++";
				CLANG_ENABLE_MODULES = YES;
				CLANG_ENABLE_OBJC_ARC = YES;
				CLANG_ENABLE_OBJC_WEAK = YES;
				CLANG_WARN_BLOCK_CAPTURE_AUTORELEASING = YES;
				CLANG_WARN_BOOL_CONVERSION = YES;
				CLANG_WARN_COMMA = YES;
				CLANG_WARN_CONSTANT_CONVERSION = YES;
				CLANG_WARN_DEPRECATED_OBJC_IMPLEMENTATIONS = YES;
				CLANG_WARN_DIRECT_OBJC_ISA_USAGE = YES_ERROR;
				CLANG_WARN_DOCUMENTATION_COMMENTS = YES;
				CLANG_WARN_EMPTY_BODY = YES;
				CLANG_WARN_ENUM_CONVERSION = YES;
				CLANG_WARN_INFINITE_RECURSION = YES;
				CLANG_WARN_INT_CONVERSION = YES;
				CLANG_WARN_NON_LITERAL_NULL_CONVERSION = YES;
				CLANG_WARN_OBJC_IMPLICIT_RETAIN_SELF = YES;
				CLANG_WARN_OBJC_LITERAL_CONVERSION = YES;
				CLANG_WARN_OBJC_ROOT_CLASS = YES_ERROR;
				CLANG_WARN_QUOTED_INCLUDE_IN_FRAMEWORK_HEADER = YES;
				CLANG_WARN_RANGE_LOOP_ANALYSIS = YES;
				CLANG_WARN_STRICT_PROTOTYPES = YES;
				CLANG_WARN_SUSPICIOUS_MOVE = YES;
				CLANG_WARN_UNGUARDED_AVAILABILITY = YES_AGGRESSIVE;
				CLANG_WARN_UNREACHABLE_CODE = YES;
				CLANG_WARN__DUPLICATE_METHOD_MATCH = YES;
				COPY_PHASE_STRIP = NO;
				DEBUG_INFORMATION_FORMAT = dwarf;
				ENABLE_STRICT_OBJC_MSGSEND = YES;
				ENABLE_TESTABILITY = YES;
				GCC_C_LANGUAGE_STANDARD = gnu11;
				GCC_DYNAMIC_NO_PIC = NO;
				GCC_NO_COMMON_BLOCKS = YES;
				GCC_OPTIMIZATION_LEVEL = 0;
				GCC_PREPROCESSOR_DEFINITIONS = (
					"$(inherited)",
					"DEBUG=1",
				);
				GCC_WARN_64_TO_32_BIT_CONVERSION = YES;
				GCC_WARN_ABOUT_RETURN_TYPE = YES_ERROR;
				GCC_WARN_UNDECLARED_SELECTOR = YES;
				GCC_WARN_UNINITIALIZED_AUTOS = YES_AGGRESSIVE;
				GCC_WARN_UNUSED_FUNCTION = YES;
				GCC_WARN_UNUSED_VARIABLE = YES;
				MACOSX_DEPLOYMENT_TARGET = 15.0;
				MTL_ENABLE_DEBUG_INFO = INCLUDE_SOURCE;
				MTL_FAST_MATH = YES;
				ONLY_ACTIVE_ARCH = YES;
				PRODUCT_NAME = "$(TARGET_NAME)";
				SDKROOT = macosx;
				SWIFT_ACTIVE_COMPILATION_CONDITIONS = DEBUG;
				SWIFT_OPTIMIZATION_LEVEL = "-Onone";
				SWIFT_VERSION = 5.0;
			};
			name = Debug;
		};
		37E61732FCDC317DB9E30778 /* Release */ = {
			isa = XCBuildConfiguration;
			buildSettings = {
				BUNDLE_LOADER = "$(TEST_HOST)";
				COMBINE_HIDPI_IMAGES = YES;
				GENERATE_INFOPLIST_FILE = YES;
				LD_RUNPATH_SEARCH_PATHS = (
					"$(inherited)",
					"@executable_path/../Frameworks",
					"@loader_path/../Frameworks",
				);
				MACOSX_DEPLOYMENT_TARGET = 15.0;
				PRODUCT_BUNDLE_IDENTIFIER = com.bertrand.RoonControllerTests;
				SDKROOT = macosx;
				SWIFT_VERSION = 6.0;
				TEST_HOST = "$(BUILT_PRODUCTS_DIR)/Roon Controller.app/Contents/MacOS/Roon Controller";
			};
			name = Release;
		};
		66C0853AE0A5AFF9327AC864 /* Debug */ = {
			isa = XCBuildConfiguration;
			buildSettings = {
				ASSETCATALOG_COMPILER_APPICON_NAME = AppIcon;
				CODE_SIGN_ENTITLEMENTS = RoonController.entitlements;
				CODE_SIGN_STYLE = Automatic;
				COMBINE_HIDPI_IMAGES = YES;
				CURRENT_PROJECT_VERSION = 1;
				GENERATE_INFOPLIST_FILE = YES;
				INFOPLIST_GENERATION_LIBRARY = YES;
				LD_RUNPATH_SEARCH_PATHS = (
					"$(inherited)",
					"@executable_path/../Frameworks",
				);
				MACOSX_DEPLOYMENT_TARGET = 15.0;
				MARKETING_VERSION = 1.0.0;
				PRODUCT_BUNDLE_IDENTIFIER = com.bertrand.RoonController;
				PRODUCT_NAME = "Roon Controller";
				SDKROOT = macosx;
				SWIFT_VERSION = 6.0;
			};
			name = Debug;
		};
		8FFB5AD06C3AD060E496C627 /* Debug */ = {
			isa = XCBuildConfiguration;
			buildSettings = {
				BUNDLE_LOADER = "$(TEST_HOST)";
				COMBINE_HIDPI_IMAGES = YES;
				GENERATE_INFOPLIST_FILE = YES;
				LD_RUNPATH_SEARCH_PATHS = (
					"$(inherited)",
					"@executable_path/../Frameworks",
					"@loader_path/../Frameworks",
				);
				MACOSX_DEPLOYMENT_TARGET = 15.0;
				PRODUCT_BUNDLE_IDENTIFIER = com.bertrand.RoonControllerTests;
				SDKROOT = macosx;
				SWIFT_VERSION = 6.0;
				TEST_HOST = "$(BUILT_PRODUCTS_DIR)/Roon Controller.app/Contents/MacOS/Roon Controller";
			};
			name = Debug;
		};
		B8D25D67927A29526E9AE5D5 /* Release */ = {
			isa = XCBuildConfiguration;
			buildSettings = {
				ALWAYS_SEARCH_USER_PATHS = NO;
				CLANG_ANALYZER_NONNULL = YES;
				CLANG_ANALYZER_NUMBER_OBJECT_CONVERSION = YES_AGGRESSIVE;
				CLANG_CXX_LANGUAGE_STANDARD = "gnu++14";
				CLANG_CXX_LIBRARY = "libc++";
				CLANG_ENABLE_MODULES = YES;
				CLANG_ENABLE_OBJC_ARC = YES;
				CLANG_ENABLE_OBJC_WEAK = YES;
				CLANG_WARN_BLOCK_CAPTURE_AUTORELEASING = YES;
				CLANG_WARN_BOOL_CONVERSION = YES;
				CLANG_WARN_COMMA = YES;
				CLANG_WARN_CONSTANT_CONVERSION = YES;
				CLANG_WARN_DEPRECATED_OBJC_IMPLEMENTATIONS = YES;
				CLANG_WARN_DIRECT_OBJC_ISA_USAGE = YES_ERROR;
				CLANG_WARN_DOCUMENTATION_COMMENTS = YES;
				CLANG_WARN_EMPTY_BODY = YES;
				CLANG_WARN_ENUM_CONVERSION = YES;
				CLANG_WARN_INFINITE_RECURSION = YES;
				CLANG_WARN_INT_CONVERSION = YES;
				CLANG_WARN_NON_LITERAL_NULL_CONVERSION = YES;
				CLANG_WARN_OBJC_IMPLICIT_RETAIN_SELF = YES;
				CLANG_WARN_OBJC_LITERAL_CONVERSION = YES;
				CLANG_WARN_OBJC_ROOT_CLASS = YES_ERROR;
				CLANG_WARN_QUOTED_INCLUDE_IN_FRAMEWORK_HEADER = YES;
				CLANG_WARN_RANGE_LOOP_ANALYSIS = YES;
				CLANG_WARN_STRICT_PROTOTYPES = YES;
				CLANG_WARN_SUSPICIOUS_MOVE = YES;
				CLANG_WARN_UNGUARDED_AVAILABILITY = YES_AGGRESSIVE;
				CLANG_WARN_UNREACHABLE_CODE = YES;
				CLANG_WARN__DUPLICATE_METHOD_MATCH = YES;
				COPY_PHASE_STRIP = NO;
				DEBUG_INFORMATION_FORMAT = "dwarf-with-dsym";
				ENABLE_NS_ASSERTIONS = NO;
				ENABLE_STRICT_OBJC_MSGSEND = YES;
				GCC_C_LANGUAGE_STANDARD = gnu11;
				GCC_NO_COMMON_BLOCKS = YES;
				GCC_WARN_64_TO_32_BIT_CONVERSION = YES;
				GCC_WARN_ABOUT_RETURN_TYPE = YES_ERROR;
				GCC_WARN_UNDECLARED_SELECTOR = YES;
				GCC_WARN_UNINITIALIZED_AUTOS = YES_AGGRESSIVE;
				GCC_WARN_UNUSED_FUNCTION = YES;
				GCC_WARN_UNUSED_VARIABLE = YES;
				MACOSX_DEPLOYMENT_TARGET = 15.0;
				MTL_ENABLE_DEBUG_INFO = NO;
				MTL_FAST_MATH = YES;
				PRODUCT_NAME = "$(TARGET_NAME)";
				SDKROOT = macosx;
				SWIFT_COMPILATION_MODE = wholemodule;
				SWIFT_OPTIMIZATION_LEVEL = "-O";
				SWIFT_VERSION = 5.0;
			};
			name = Release;
		};
/* End XCBuildConfiguration section */

/* Begin XCConfigurationList section */
		7A2F39862CD3E88339DDD858 /* Build configuration list for PBXNativeTarget "RoonControllerTests" */ = {
			isa = XCConfigurationList;
			buildConfigurations = (
				8FFB5AD06C3AD060E496C627 /* Debug */,
				37E61732FCDC317DB9E30778 /* Release */,
			);
			defaultConfigurationIsVisible = 0;
			defaultConfigurationName = Debug;
		};
		D613682A45753184DE6064BD /* Build configuration list for PBXNativeTarget "RoonController" */ = {
			isa = XCConfigurationList;
			buildConfigurations = (
				66C0853AE0A5AFF9327AC864 /* Debug */,
				1E934D34FBE1285A040BD842 /* Release */,
			);
			defaultConfigurationIsVisible = 0;
			defaultConfigurationName = Debug;
		};
		DB7358A357C874A8117A975A /* Build configuration list for PBXProject "RoonController" */ = {
			isa = XCConfigurationList;
			buildConfigurations = (
				339E26F2CACF502CE0E1E822 /* Debug */,
				B8D25D67927A29526E9AE5D5 /* Release */,
			);
			defaultConfigurationIsVisible = 0;
			defaultConfigurationName = Debug;
		};
/* End XCConfigurationList section */
	};
	rootObject = 7F5DC9B3E228D366E4AC3AE5 /* Project object */;
}
